{
  "name": "simulation_project",
  "lockfileVersion": 3,
  "requires": true,
  "packages": {
    "": {
      "dependencies": {
        "parce": "^1.2.8",
        "three": "^0.152.2"
      }
    },
    "node_modules/parce": {
      "version": "1.2.8",
      "resolved": "https://registry.npmjs.org/parce/-/parce-1.2.8.tgz",
      "integrity": "sha512-VcXf+0A9yOapJPEcooet9xV4GDp1FjkP2+L3PYJjqXqftgrJNT7bY9xdDQbLfao0qB7oh/p1NrOoaQIBs4BCHA==",
      "deprecated": "Package no longer supported. Contact Support at https://www.npmjs.com/support for more info."
    },
    "node_modules/three": {
      "version": "0.152.2",
      "resolved": "https://registry.npmjs.org/three/-/three-0.152.2.tgz",
      "integrity": "sha512-Ff9zIpSfkkqcBcpdiFo2f35vA9ZucO+N8TNacJOqaEE6DrB0eufItVMib8bK8Pcju/ZNT6a7blE1GhTpkdsILw=="
    }
  }
}
